// !$*UTF8*$!
{
	archiveVersion = 1;
	classes = {
	};
	objectVersion = 56;
	objects = {

/* Begin PBXBuildFile section */
		71F81BA328E21819006CD76D /* AppDelegate.swift in Sources */ = {isa = PBXBuildFile; fileRef = 71F81BA228E21819006CD76D /* AppDelegate.swift */; };
		71F81BA528E21819006CD76D /* SceneDelegate.swift in Sources */ = {isa = PBXBuildFile; fileRef = 71F81BA428E21819006CD76D /* SceneDelegate.swift */; };
		71F81BA728E21819006CD76D /* ViewController.swift in Sources */ = {isa = PBXBuildFile; fileRef = 71F81BA628E21819006CD76D /* ViewController.swift */; };
		71F81BAA28E21819006CD76D /* Main.storyboard in Resources */ = {isa = PBXBuildFile; fileRef = 71F81BA828E21819006CD76D /* Main.storyboard */; };
		71F81BAC28E2181A006CD76D /* Assets.xcassets in Resources */ = {isa = PBXBuildFile; fileRef = 71F81BAB28E2181A006CD76D /* Assets.xcassets */; };
		71F81BAF28E2181A006CD76D /* LaunchScreen.storyboard in Resources */ = {isa = PBXBuildFile; fileRef = 71F81BAD28E2181A006CD76D /* LaunchScreen.storyboard */; };
		71F81BBD28E218A7006CD76D /* RickMortyViewController.swift in Sources */ = {isa = PBXBuildFile; fileRef = 71F81BBC28E218A7006CD76D /* RickMortyViewController.swift */; };
		71F81BC028E21973006CD76D /* SnapKit in Frameworks */ = {isa = PBXBuildFile; productRef = 71F81BBF28E21973006CD76D /* SnapKit */; };
		71F81BC228E221E4006CD76D /* RickMortyService.swift in Sources */ = {isa = PBXBuildFile; fileRef = 71F81BC128E221E4006CD76D /* RickMortyService.swift */; };
		71F81BC428E221F9006CD76D /* RickMortyModel.swift in Sources */ = {isa = PBXBuildFile; fileRef = 71F81BC328E221F9006CD76D /* RickMortyModel.swift */; };
		71F81BC728E22453006CD76D /* Alamofire in Frameworks */ = {isa = PBXBuildFile; productRef = 71F81BC628E22453006CD76D /* Alamofire */; };
		71F81BCA28E22480006CD76D /* AlamofireImage in Frameworks */ = {isa = PBXBuildFile; productRef = 71F81BC928E22480006CD76D /* AlamofireImage */; };
		71F81BCC28E22956006CD76D /* RickMortyViewModel.swift in Sources */ = {isa = PBXBuildFile; fileRef = 71F81BCB28E22956006CD76D /* RickMortyViewModel.swift */; };
		71F81BCF28E247F7006CD76D /* RickMortyTableViewCell.swift in Sources */ = {isa = PBXBuildFile; fileRef = 71F81BCE28E247F7006CD76D /* RickMortyTableViewCell.swift */; };
/* End PBXBuildFile section */

/* Begin PBXFileReference section */
		71F81B9F28E21819006CD76D /* RickMortyChars.app */ = {isa = PBXFileReference; explicitFileType = wrapper.application; includeInIndex = 0; path = RickMortyChars.app; sourceTree = BUILT_PRODUCTS_DIR; };
		71F81BA228E21819006CD76D /* AppDelegate.swift */ = {isa = PBXFileReference; lastKnownFileType = sourcecode.swift; path = AppDelegate.swift; sourceTree = "<group>"; };
		71F81BA428E21819006CD76D /* SceneDelegate.swift */ = {isa = PBXFileReference; lastKnownFileType = sourcecode.swift; path = SceneDelegate.swift; sourceTree = "<group>"; };
		71F81BA628E21819006CD76D /* ViewController.swift */ = {isa = PBXFileReference; lastKnownFileType = sourcecode.swift; path = ViewController.swift; sourceTree = "<group>"; };
		71F81BA928E21819006CD76D /* Base */ = {isa = PBXFileReference; lastKnownFileType = file.storyboard; name = Base; path = Base.lproj/Main.storyboard; sourceTree = "<group>"; };
		71F81BAB28E2181A006CD76D /* Assets.xcassets */ = {isa = PBXFileReference; lastKnownFileType = folder.assetcatalog; path = Assets.xcassets; sourceTree = "<group>"; };
		71F81BAE28E2181A006CD76D /* Base */ = {isa = PBXFileReference; lastKnownFileType = file.storyboard; name = Base; path = Base.lproj/LaunchScreen.storyboard; sourceTree = "<group>"; };
		71F81BB028E2181A006CD76D /* Info.plist */ = {isa = PBXFileReference; lastKnownFileType = text.plist.xml; path = Info.plist; sourceTree = "<group>"; };
		71F81BBC28E218A7006CD76D /* RickMortyViewController.swift */ = {isa = PBXFileReference; lastKnownFileType = sourcecode.swift; path = RickMortyViewController.swift; sourceTree = "<group>"; };
		71F81BC128E221E4006CD76D /* RickMortyService.swift */ = {isa = PBXFileReference; lastKnownFileType = sourcecode.swift; path = RickMortyService.swift; sourceTree = "<group>"; };
		71F81BC328E221F9006CD76D /* RickMortyModel.swift */ = {isa = PBXFileReference; lastKnownFileType = sourcecode.swift; path = RickMortyModel.swift; sourceTree = "<group>"; };
		71F81BCB28E22956006CD76D /* RickMortyViewModel.swift */ = {isa = PBXFileReference; lastKnownFileType = sourcecode.swift; path = RickMortyViewModel.swift; sourceTree = "<group>"; };
		71F81BCE28E247F7006CD76D /* RickMortyTableViewCell.swift */ = {isa = PBXFileReference; lastKnownFileType = sourcecode.swift; path = RickMortyTableViewCell.swift; sourceTree = "<group>"; };
/* End PBXFileReference section */

/* Begin PBXFrameworksBuildPhase section */
		71F81B9C28E21819006CD76D /* Frameworks */ = {
			isa = PBXFrameworksBuildPhase;
			buildActionMask = 2147483647;
			files = (
				71F81BC028E21973006CD76D /* SnapKit in Frameworks */,
				71F81BC728E22453006CD76D /* Alamofire in Frameworks */,
				71F81BCA28E22480006CD76D /* AlamofireImage in Frameworks */,
			);
			runOnlyForDeploymentPostprocessing = 0;
		};
/* End PBXFrameworksBuildPhase section */

/* Begin PBXGroup section */
		71F81B9628E21819006CD76D = {
			isa = PBXGroup;
			children = (
				71F81BA128E21819006CD76D /* RickMortyChars */,
				71F81BA028E21819006CD76D /* Products */,
			);
			sourceTree = "<group>";
		};
		71F81BA028E21819006CD76D /* Products */ = {
			isa = PBXGroup;
			children = (
				71F81B9F28E21819006CD76D /* RickMortyChars.app */,
			);
			name = Products;
			sourceTree = "<group>";
		};
		71F81BA128E21819006CD76D /* RickMortyChars */ = {
			isa = PBXGroup;
			children = (
				71F81BB728E2182B006CD76D /* Core */,
				71F81BB628E21825006CD76D /* Features */,
				71F81BAD28E2181A006CD76D /* LaunchScreen.storyboard */,
				71F81BB028E2181A006CD76D /* Info.plist */,
			);
			path = RickMortyChars;
			sourceTree = "<group>";
		};
		71F81BB628E21825006CD76D /* Features */ = {
			isa = PBXGroup;
			children = (
				71F81BBB28E21860006CD76D /* Service */,
				71F81BBA28E2185D006CD76D /* Model */,
				71F81BB928E2185A006CD76D /* ViewModel */,
				71F81BB828E21857006CD76D /* View */,
			);
			path = Features;
			sourceTree = "<group>";
		};
		71F81BB728E2182B006CD76D /* Core */ = {
			isa = PBXGroup;
			children = (
				71F81BA228E21819006CD76D /* AppDelegate.swift */,
				71F81BA428E21819006CD76D /* SceneDelegate.swift */,
				71F81BA628E21819006CD76D /* ViewController.swift */,
				71F81BA828E21819006CD76D /* Main.storyboard */,
				71F81BAB28E2181A006CD76D /* Assets.xcassets */,
			);
			path = Core;
			sourceTree = "<group>";
		};
		71F81BB828E21857006CD76D /* View */ = {
			isa = PBXGroup;
			children = (
				71F81BCD28E247D8006CD76D /* TableViewCell */,
				71F81BBC28E218A7006CD76D /* RickMortyViewController.swift */,
			);
			path = View;
			sourceTree = "<group>";
		};
		71F81BB928E2185A006CD76D /* ViewModel */ = {
			isa = PBXGroup;
			children = (
				71F81BCB28E22956006CD76D /* RickMortyViewModel.swift */,
			);
			path = ViewModel;
			sourceTree = "<group>";
		};
		71F81BBA28E2185D006CD76D /* Model */ = {
			isa = PBXGroup;
			children = (
				71F81BC328E221F9006CD76D /* RickMortyModel.swift */,
			);
			path = Model;
			sourceTree = "<group>";
		};
		71F81BBB28E21860006CD76D /* Service */ = {
			isa = PBXGroup;
			children = (
				71F81BC128E221E4006CD76D /* RickMortyService.swift */,
			);
			path = Service;
			sourceTree = "<group>";
		};
		71F81BCD28E247D8006CD76D /* TableViewCell */ = {
			isa = PBXGroup;
			children = (
				71F81BCE28E247F7006CD76D /* RickMortyTableViewCell.swift */,
			);
			path = TableViewCell;
			sourceTree = "<group>";
		};
/* End PBXGroup section */

/* Begin PBXNativeTarget section */
		71F81B9E28E21819006CD76D /* RickMortyChars */ = {
			isa = PBXNativeTarget;
			buildConfigurationList = 71F81BB328E2181A006CD76D /* Build configuration list for PBXNativeTarget "RickMortyChars" */;
			buildPhases = (
				71F81B9B28E21819006CD76D /* Sources */,
				71F81B9C28E21819006CD76D /* Frameworks */,
				71F81B9D28E21819006CD76D /* Resources */,
			);
			buildRules = (
			);
			dependencies = (
			);
			name = RickMortyChars;
			packageProductDependencies = (
				71F81BBF28E21973006CD76D /* SnapKit */,
				71F81BC628E22453006CD76D /* Alamofire */,
				71F81BC928E22480006CD76D /* AlamofireImage */,
			);
			productName = RickMortyChars;
			productReference = 71F81B9F28E21819006CD76D /* RickMortyChars.app */;
			productType = "com.apple.product-type.application";
		};
/* End PBXNativeTarget section */

/* Begin PBXProject section */
		71F81B9728E21819006CD76D /* Project object */ = {
			isa = PBXProject;
			attributes = {
				BuildIndependentTargetsInParallel = 1;
				LastSwiftUpdateCheck = 1400;
				LastUpgradeCheck = 1400;
				TargetAttributes = {
					71F81B9E28E21819006CD76D = {
						CreatedOnToolsVersion = 14.0;
					};
				};
			};
			buildConfigurationList = 71F81B9A28E21819006CD76D /* Build configuration list for PBXProject "RickMortyChars" */;
			compatibilityVersion = "Xcode 14.0";
			developmentRegion = en;
			hasScannedForEncodings = 0;
			knownRegions = (
				en,
				Base,
			);
			mainGroup = 71F81B9628E21819006CD76D;
			packageReferences = (
				71F81BBE28E21973006CD76D /* XCRemoteSwiftPackageReference "SnapKit" */,
				71F81BC528E22453006CD76D /* XCRemoteSwiftPackageReference "Alamofire" */,
				71F81BC828E22480006CD76D /* XCRemoteSwiftPackageReference "AlamofireImage" */,
			);
			productRefGroup = 71F81BA028E21819006CD76D /* Products */;
			projectDirPath = "";
			projectRoot = "";
			targets = (
				71F81B9E28E21819006CD76D /* RickMortyChars */,
			);
		};
/* End PBXProject section */

/* Begin PBXResourcesBuildPhase section */
		71F81B9D28E21819006CD76D /* Resources */ = {
			isa = PBXResourcesBuildPhase;
			buildActionMask = 2147483647;
			files = (
				71F81BAF28E2181A006CD76D /* LaunchScreen.storyboard in Resources */,
				71F81BAC28E2181A006CD76D /* Assets.xcassets in Resources */,
				71F81BAA28E21819006CD76D /* Main.storyboard in Resources */,
			);
			runOnlyForDeploymentPostprocessing = 0;
		};
/* End PBXResourcesBuildPhase section */

/* Begin PBXSourcesBuildPhase section */
		71F81B9B28E21819006CD76D /* Sources */ = {
			isa = PBXSourcesBuildPhase;
			buildActionMask = 2147483647;
			files = (
				71F81BC428E221F9006CD76D /* RickMortyModel.swift in Sources */,
				71F81BA728E21819006CD76D /* ViewController.swift in Sources */,
				71F81BA328E21819006CD76D /* AppDelegate.swift in Sources */,
				71F81BA528E21819006CD76D /* SceneDelegate.swift in Sources */,
				71F81BC228E221E4006CD76D /* RickMortyService.swift in Sources */,
				71F81BBD28E218A7006CD76D /* RickMortyViewController.swift in Sources */,
				71F81BCF28E247F7006CD76D /* RickMortyTableViewCell.swift in Sources */,
				71F81BCC28E22956006CD76D /* RickMortyViewModel.swift in Sources */,
			);
			runOnlyForDeploymentPostprocessing = 0;
		};
/* End PBXSourcesBuildPhase section */

/* Begin PBXVariantGroup section */
		71F81BA828E21819006CD76D /* Main.storyboard */ = {
			isa = PBXVariantGroup;
			children = (
				71F81BA928E21819006CD76D /* Base */,
			);
			name = Main.storyboard;
			sourceTree = "<group>";
		};
		71F81BAD28E2181A006CD76D /* LaunchScreen.storyboard */ = {
			isa = PBXVariantGroup;
			children = (
				71F81BAE28E2181A006CD76D /* Base */,
			);
			name = LaunchScreen.storyboard;
			sourceTree = "<group>";
		};
/* End PBXVariantGroup section */

/* Begin XCBuildConfiguration section */
		71F81BB128E2181A006CD76D /* Debug */ = {
			isa = XCBuildConfiguration;
			buildSettings = {
				ALWAYS_SEARCH_USER_PATHS = NO;
				CLANG_ANALYZER_NONNULL = YES;
				CLANG_ANALYZER_NUMBER_OBJECT_CONVERSION = YES_AGGRESSIVE;
				CLANG_CXX_LANGUAGE_STANDARD = "gnu++20";
				CLANG_ENABLE_MODULES = YES;
				CLANG_ENABLE_OBJC_ARC = YES;
				CLANG_ENABLE_OBJC_WEAK = YES;
				CLANG_WARN_BLOCK_CAPTURE_AUTORELEASING = YES;
				CLANG_WARN_BOOL_CONVERSION = YES;
				CLANG_WARN_COMMA = YES;
				CLANG_WARN_CONSTANT_CONVERSION = YES;
				CLANG_WARN_DEPRECATED_OBJC_IMPLEMENTATIONS = YES;
				CLANG_WARN_DIRECT_OBJC_ISA_USAGE = YES_ERROR;
				CLANG_WARN_DOCUMENTATION_COMMENTS = YES;
				CLANG_WARN_EMPTY_BODY = YES;
				CLANG_WARN_ENUM_CONVERSION = YES;
				CLANG_WARN_INFINITE_RECURSION = YES;
				CLANG_WARN_INT_CONVERSION = YES;
				CLANG_WARN_NON_LITERAL_NULL_CONVERSION = YES;
				CLANG_WARN_OBJC_IMPLICIT_RETAIN_SELF = YES;
				CLANG_WARN_OBJC_LITERAL_CONVERSION = YES;
				CLANG_WARN_OBJC_ROOT_CLASS = YES_ERROR;
				CLANG_WARN_QUOTED_INCLUDE_IN_FRAMEWORK_HEADER = YES;
				CLANG_WARN_RANGE_LOOP_ANALYSIS = YES;
				CLANG_WARN_STRICT_PROTOTYPES = YES;
				CLANG_WARN_SUSPICIOUS_MOVE = YES;
				CLANG_WARN_UNGUARDED_AVAILABILITY = YES_AGGRESSIVE;
				CLANG_WARN_UNREACHABLE_CODE = YES;
				CLANG_WARN__DUPLICATE_METHOD_MATCH = YES;
				COPY_PHASE_STRIP = NO;
				DEBUG_INFORMATION_FORMAT = dwarf;
				ENABLE_STRICT_OBJC_MSGSEND = YES;
				ENABLE_TESTABILITY = YES;
				GCC_C_LANGUAGE_STANDARD = gnu11;
				GCC_DYNAMIC_NO_PIC = NO;
				GCC_NO_COMMON_BLOCKS = YES;
				GCC_OPTIMIZATION_LEVEL = 0;
				GCC_PREPROCESSOR_DEFINITIONS = (
					"DEBUG=1",
					"$(inherited)",
				);
				GCC_WARN_64_TO_32_BIT_CONVERSION = YES;
				GCC_WARN_ABOUT_RETURN_TYPE = YES_ERROR;
				GCC_WARN_UNDECLARED_SELECTOR = YES;
				GCC_WARN_UNINITIALIZED_AUTOS = YES_AGGRESSIVE;
				GCC_WARN_UNUSED_FUNCTION = YES;
				GCC_WARN_UNUSED_VARIABLE = YES;
				IPHONEOS_DEPLOYMENT_TARGET = 16.0;
				MTL_ENABLE_DEBUG_INFO = INCLUDE_SOURCE;
				MTL_FAST_MATH = YES;
				ONLY_ACTIVE_ARCH = YES;
				SDKROOT = iphoneos;
				SWIFT_ACTIVE_COMPILATION_CONDITIONS = DEBUG;
				SWIFT_OPTIMIZATION_LEVEL = "-Onone";
			};
			name = Debug;
		};
		71F81BB228E2181A006CD76D /* Release */ = {
			isa = XCBuildConfiguration;
			buildSettings = {
				ALWAYS_SEARCH_USER_PATHS = NO;
				CLANG_ANALYZER_NONNULL = YES;
				CLANG_ANALYZER_NUMBER_OBJECT_CONVERSION = YES_AGGRESSIVE;
				CLANG_CXX_LANGUAGE_STANDARD = "gnu++20";
				CLANG_ENABLE_MODULES = YES;
				CLANG_ENABLE_OBJC_ARC = YES;
				CLANG_ENABLE_OBJC_WEAK = YES;
				CLANG_WARN_BLOCK_CAPTURE_AUTORELEASING = YES;
				CLANG_WARN_BOOL_CONVERSION = YES;
				CLANG_WARN_COMMA = YES;
				CLANG_WARN_CONSTANT_CONVERSION = YES;
				CLANG_WARN_DEPRECATED_OBJC_IMPLEMENTATIONS = YES;
				CLANG_WARN_DIRECT_OBJC_ISA_USAGE = YES_ERROR;
				CLANG_WARN_DOCUMENTATION_COMMENTS = YES;
				CLANG_WARN_EMPTY_BODY = YES;
				CLANG_WARN_ENUM_CONVERSION = YES;
				CLANG_WARN_INFINITE_RECURSION = YES;
				CLANG_WARN_INT_CONVERSION = YES;
				CLANG_WARN_NON_LITERAL_NULL_CONVERSION = YES;
				CLANG_WARN_OBJC_IMPLICIT_RETAIN_SELF = YES;
				CLANG_WARN_OBJC_LITERAL_CONVERSION = YES;
				CLANG_WARN_OBJC_ROOT_CLASS = YES_ERROR;
				CLANG_WARN_QUOTED_INCLUDE_IN_FRAMEWORK_HEADER = YES;
				CLANG_WARN_RANGE_LOOP_ANALYSIS = YES;
				CLANG_WARN_STRICT_PROTOTYPES = YES;
				CLANG_WARN_SUSPICIOUS_MOVE = YES;
				CLANG_WARN_UNGUARDED_AVAILABILITY = YES_AGGRESSIVE;
				CLANG_WARN_UNREACHABLE_CODE = YES;
				CLANG_WARN__DUPLICATE_METHOD_MATCH = YES;
				COPY_PHASE_STRIP = NO;
				DEBUG_INFORMATION_FORMAT = "dwarf-with-dsym";
				ENABLE_NS_ASSERTIONS = NO;
				ENABLE_STRICT_OBJC_MSGSEND = YES;
				GCC_C_LANGUAGE_STANDARD = gnu11;
				GCC_NO_COMMON_BLOCKS = YES;
				GCC_WARN_64_TO_32_BIT_CONVERSION = YES;
				GCC_WARN_ABOUT_RETURN_TYPE = YES_ERROR;
				GCC_WARN_UNDECLARED_SELECTOR = YES;
				GCC_WARN_UNINITIALIZED_AUTOS = YES_AGGRESSIVE;
				GCC_WARN_UNUSED_FUNCTION = YES;
				GCC_WARN_UNUSED_VARIABLE = YES;
				IPHONEOS_DEPLOYMENT_TARGET = 16.0;
				MTL_ENABLE_DEBUG_INFO = NO;
				MTL_FAST_MATH = YES;
				SDKROOT = iphoneos;
				SWIFT_COMPILATION_MODE = wholemodule;
				SWIFT_OPTIMIZATION_LEVEL = "-O";
				VALIDATE_PRODUCT = YES;
			};
			name = Release;
		};
		71F81BB428E2181A006CD76D /* Debug */ = {
			isa = XCBuildConfiguration;
			buildSettings = {
				ASSETCATALOG_COMPILER_APPICON_NAME = AppIcon;
				ASSETCATALOG_COMPILER_GLOBAL_ACCENT_COLOR_NAME = AccentColor;
				CODE_SIGN_STYLE = Automatic;
				CURRENT_PROJECT_VERSION = 1;
				DEVELOPMENT_TEAM = FAHJ57W2W9;
				GENERATE_INFOPLIST_FILE = YES;
				INFOPLIST_FILE = RickMortyChars/Info.plist;
				INFOPLIST_KEY_UIApplicationSupportsIndirectInputEvents = YES;
				INFOPLIST_KEY_UILaunchStoryboardName = LaunchScreen;
				INFOPLIST_KEY_UIMainStoryboardFile = Main;
				INFOPLIST_KEY_UISupportedInterfaceOrientations_iPad = "UIInterfaceOrientationPortrait UIInterfaceOrientationPortraitUpsideDown UIInterfaceOrientationLandscapeLeft UIInterfaceOrientationLandscapeRight";
				INFOPLIST_KEY_UISupportedInterfaceOrientations_iPhone = "UIInterfaceOrientationPortrait UIInterfaceOrientationLandscapeLeft UIInterfaceOrientationLandscapeRight";
				LD_RUNPATH_SEARCH_PATHS = (
					"$(inherited)",
					"@executable_path/Frameworks",
				);
				MARKETING_VERSION = 1.0;
				PRODUCT_BUNDLE_IDENTIFIER = com.oguzhankin.RickMortyChars;
				PRODUCT_NAME = "$(TARGET_NAME)";
				SWIFT_EMIT_LOC_STRINGS = YES;
				SWIFT_VERSION = 5.0;
				TARGETED_DEVICE_FAMILY = "1,2";
			};
			name = Debug;
		};
		71F81BB528E2181A006CD76D /* Release */ = {
			isa = XCBuildConfiguration;
			buildSettings = {
				ASSETCATALOG_COMPILER_APPICON_NAME = AppIcon;
				ASSETCATALOG_COMPILER_GLOBAL_ACCENT_COLOR_NAME = AccentColor;
				CODE_SIGN_STYLE = Automatic;
				CURRENT_PROJECT_VERSION = 1;
				DEVELOPMENT_TEAM = FAHJ57W2W9;
				GENERATE_INFOPLIST_FILE = YES;
				INFOPLIST_FILE = RickMortyChars/Info.plist;
				INFOPLIST_KEY_UIApplicationSupportsIndirectInputEvents = YES;
				INFOPLIST_KEY_UILaunchStoryboardName = LaunchScreen;
				INFOPLIST_KEY_UIMainStoryboardFile = Main;
				INFOPLIST_KEY_UISupportedInterfaceOrientations_iPad = "UIInterfaceOrientationPortrait UIInterfaceOrientationPortraitUpsideDown UIInterfaceOrientationLandscapeLeft UIInterfaceOrientationLandscapeRight";
				INFOPLIST_KEY_UISupportedInterfaceOrientations_iPhone = "UIInterfaceOrientationPortrait UIInterfaceOrientationLandscapeLeft UIInterfaceOrientationLandscapeRight";
				LD_RUNPATH_SEARCH_PATHS = (
					"$(inherited)",
					"@executable_path/Frameworks",
				);
				MARKETING_VERSION = 1.0;
				PRODUCT_BUNDLE_IDENTIFIER = com.oguzhankin.RickMortyChars;
				PRODUCT_NAME = "$(TARGET_NAME)";
				SWIFT_EMIT_LOC_STRINGS = YES;
				SWIFT_VERSION = 5.0;
				TARGETED_DEVICE_FAMILY = "1,2";
			};
			name = Release;
		};
/* End XCBuildConfiguration section */

/* Begin XCConfigurationList section */
		71F81B9A28E21819006CD76D /* Build configuration list for PBXProject "RickMortyChars" */ = {
			isa = XCConfigurationList;
			buildConfigurations = (
				71F81BB128E2181A006CD76D /* Debug */,
				71F81BB228E2181A006CD76D /* Release */,
			);
			defaultConfigurationIsVisible = 0;
			defaultConfigurationName = Release;
		};
		71F81BB328E2181A006CD76D /* Build configuration list for PBXNativeTarget "RickMortyChars" */ = {
			isa = XCConfigurationList;
			buildConfigurations = (
				71F81BB428E2181A006CD76D /* Debug */,
				71F81BB528E2181A006CD76D /* Release */,
			);
			defaultConfigurationIsVisible = 0;
			defaultConfigurationName = Release;
		};
/* End XCConfigurationList section */

/* Begin XCRemoteSwiftPackageReference section */
		71F81BBE28E21973006CD76D /* XCRemoteSwiftPackageReference "SnapKit" */ = {
			isa = XCRemoteSwiftPackageReference;
			repositoryURL = "https://github.com/SnapKit/SnapKit.git";
			requirement = {
				kind = upToNextMajorVersion;
				minimumVersion = 5.0.0;
			};
		};
		71F81BC528E22453006CD76D /* XCRemoteSwiftPackageReference "Alamofire" */ = {
			isa = XCRemoteSwiftPackageReference;
			repositoryURL = "https://github.com/Alamofire/Alamofire.git";
			requirement = {
				branch = master;
				kind = branch;
			};
		};
		71F81BC828E22480006CD76D /* XCRemoteSwiftPackageReference "AlamofireImage" */ = {
			isa = XCRemoteSwiftPackageReference;
			repositoryURL = "https://github.com/Alamofire/AlamofireImage.git";
			requirement = {
				kind = upToNextMajorVersion;
				minimumVersion = 4.0.0;
			};
		};
/* End XCRemoteSwiftPackageReference section */

/* Begin XCSwiftPackageProductDependency section */
		71F81BBF28E21973006CD76D /* SnapKit */ = {
			isa = XCSwiftPackageProductDependency;
			package = 71F81BBE28E21973006CD76D /* XCRemoteSwiftPackageReference "SnapKit" */;
			productName = SnapKit;
		};
		71F81BC628E22453006CD76D /* Alamofire */ = {
			isa = XCSwiftPackageProductDependency;
			package = 71F81BC528E22453006CD76D /* XCRemoteSwiftPackageReference "Alamofire" */;
			productName = Alamofire;
		};
		71F81BC928E22480006CD76D /* AlamofireImage */ = {
			isa = XCSwiftPackageProductDependency;
			package = 71F81BC828E22480006CD76D /* XCRemoteSwiftPackageReference "AlamofireImage" */;
			productName = AlamofireImage;
		};
/* End XCSwiftPackageProductDependency section */
	};
	rootObject = 71F81B9728E21819006CD76D /* Project object */;
}
